
Microsoft Visual Studio Solution File, Format Version 12.00
# Visual Studio 2012
Project("{FAE04EC0-301F-11D3-BF4B-00C04F79EFBC}") = "Polish", "Polish\Polish.csproj", "{BDA6A271-F462-4E09-B109-FEEFB2A69E2B}"
EndProject
Global
	GlobalSection(SolutionConfigurationPlatforms) = preSolution
		Debug|x86 = Debug|x86
		Release|x86 = Release|x86
	EndGlobalSection
	GlobalSection(ProjectConfigurationPlatforms) = postSolution
		{BDA6A271-F462-4E09-B109-FEEFB2A69E2B}.Debug|x86.ActiveCfg = Debug|x86
		{BDA6A271-F462-4E09-B109-FEEFB2A69E2B}.Debug|x86.Build.0 = Debug|x86
		{BDA6A271-F462-4E09-B109-FEEFB2A69E2B}.Release|x86.ActiveCfg = Release|x86
		{BDA6A271-F462-4E09-B109-FEEFB2A69E2B}.Release|x86.Build.0 = Release|x86
	EndGlobalSection
EndGlobal
