
Microsoft Visual Studio Solution File, Format Version 12.00
# Visual Studio 2012
Project("{FAE04EC0-301F-11D3-BF4B-00C04F79EFBC}") = "PathFinding", "PathFinding\PathFinding.csproj", "{BBE421B1-ACF5-4165-AA89-105B0EAE71BA}"
EndProject
Global
	GlobalSection(SolutionConfigurationPlatforms) = preSolution
		Debug|x86 = Debug|x86
		Release|x86 = Release|x86
	EndGlobalSection
	GlobalSection(ProjectConfigurationPlatforms) = postSolution
		{BBE421B1-ACF5-4165-AA89-105B0EAE71BA}.Debug|x86.ActiveCfg = Debug|x86
		{BBE421B1-ACF5-4165-AA89-105B0EAE71BA}.Debug|x86.Build.0 = Debug|x86
		{BBE421B1-ACF5-4165-AA89-105B0EAE71BA}.Release|x86.ActiveCfg = Release|x86
		{BBE421B1-ACF5-4165-AA89-105B0EAE71BA}.Release|x86.Build.0 = Release|x86
	EndGlobalSection
EndGlobal
